PODS:
  - boost (1.76.0)
  - CocoaAsyncSocket (7.6.5)
  - DoubleConversion (1.1.6)
  - FBLazyVector (0.71.18)
  - FBReactNativeSpec (0.71.18):
    - RCT-Folly (= 2021.07.22.00)
    - RCTRequired (= 0.71.18)
    - RCTTypeSafety (= 0.71.18)
    - React-Core (= 0.71.18)
    - React-jsi (= 0.71.18)
    - ReactCommon/turbomodule/core (= 0.71.18)
  - Firebase (10.20.0):
    - Firebase/Core (= 10.20.0)
  - Firebase/Analytics (10.20.0):
    - Firebase/Core
  - Firebase/Core (10.20.0):
    - Firebase/CoreOnly
    - FirebaseAnalytics (~> 10.20.0)
  - Firebase/CoreOnly (10.20.0):
    - FirebaseCore (= 10.20.0)
  - Firebase/Crashlytics (10.20.0):
    - Firebase/CoreOnly
    - FirebaseCrashlytics (~> 10.20.0)
  - Firebase/Messaging (10.20.0):
    - Firebase/CoreOnly
    - FirebaseMessaging (~> 10.20.0)
  - FirebaseAnalytics (10.20.0):
    - FirebaseAnalytics/AdIdSupport (= 10.20.0)
    - FirebaseCore (~> 10.0)
    - FirebaseInstallations (~> 10.0)
    - GoogleUtilities/AppDelegateSwizzler (~> 7.11)
    - GoogleUtilities/MethodSwizzler (~> 7.11)
    - GoogleUtilities/Network (~> 7.11)
    - "GoogleUtilities/NSData+zlib (~> 7.11)"
    - nanopb (< 2.30910.0, >= 2.30908.0)
  - FirebaseAnalytics/AdIdSupport (10.20.0):
    - FirebaseCore (~> 10.0)
    - FirebaseInstallations (~> 10.0)
    - GoogleAppMeasurement (= 10.20.0)
    - GoogleUtilities/AppDelegateSwizzler (~> 7.11)
    - GoogleUtilities/MethodSwizzler (~> 7.11)
    - GoogleUtilities/Network (~> 7.11)
    - "GoogleUtilities/NSData+zlib (~> 7.11)"
    - nanopb (< 2.30910.0, >= 2.30908.0)
  - FirebaseCore (10.20.0):
    - FirebaseCoreInternal (~> 10.0)
    - GoogleUtilities/Environment (~> 7.12)
    - GoogleUtilities/Logger (~> 7.12)
  - FirebaseCoreExtension (10.20.0):
    - FirebaseCore (~> 10.0)
  - FirebaseCoreInternal (10.20.0):
    - "GoogleUtilities/NSData+zlib (~> 7.8)"
  - FirebaseCrashlytics (10.20.0):
    - FirebaseCore (~> 10.5)
    - FirebaseInstallations (~> 10.0)
    - FirebaseSessions (~> 10.5)
    - GoogleDataTransport (~> 9.2)
    - GoogleUtilities/Environment (~> 7.8)
    - nanopb (< 2.30910.0, >= 2.30908.0)
    - PromisesObjC (~> 2.1)
  - FirebaseInstallations (10.20.0):
    - FirebaseCore (~> 10.0)
    - GoogleUtilities/Environment (~> 7.8)
    - GoogleUtilities/UserDefaults (~> 7.8)
    - PromisesObjC (~> 2.1)
  - FirebaseMessaging (10.20.0):
    - FirebaseCore (~> 10.0)
    - FirebaseInstallations (~> 10.0)
    - GoogleDataTransport (~> 9.3)
    - GoogleUtilities/AppDelegateSwizzler (~> 7.8)
    - GoogleUtilities/Environment (~> 7.8)
    - GoogleUtilities/Reachability (~> 7.8)
    - GoogleUtilities/UserDefaults (~> 7.8)
    - nanopb (< 2.30910.0, >= 2.30908.0)
  - FirebaseSessions (10.20.0):
    - FirebaseCore (~> 10.5)
    - FirebaseCoreExtension (~> 10.0)
    - FirebaseInstallations (~> 10.0)
    - GoogleDataTransport (~> 9.2)
    - GoogleUtilities/Environment (~> 7.10)
    - nanopb (< 2.30910.0, >= 2.30908.0)
    - PromisesSwift (~> 2.1)
  - Flipper (0.125.0):
    - Flipper-Folly (~> 2.6)
    - Flipper-RSocket (~> 1.4)
  - Flipper-Boost-iOSX (1.76.0.1.11)
  - Flipper-DoubleConversion (3.2.0.1)
  - Flipper-Fmt (7.1.7)
  - Flipper-Folly (2.6.10):
    - Flipper-Boost-iOSX
    - Flipper-DoubleConversion
    - Flipper-Fmt (= 7.1.7)
    - Flipper-Glog
    - libevent (~> 2.1.12)
    - OpenSSL-Universal (= 1.1.1100)
  - Flipper-Glog (0.5.0.5)
  - Flipper-PeerTalk (0.0.4)
  - Flipper-RSocket (1.4.3):
    - Flipper-Folly (~> 2.6)
  - FlipperKit (0.125.0):
    - FlipperKit/Core (= 0.125.0)
  - FlipperKit/Core (0.125.0):
    - Flipper (~> 0.125.0)
    - FlipperKit/CppBridge
    - FlipperKit/FBCxxFollyDynamicConvert
    - FlipperKit/FBDefines
    - FlipperKit/FKPortForwarding
    - SocketRocket (~> 0.6.0)
  - FlipperKit/CppBridge (0.125.0):
    - Flipper (~> 0.125.0)
  - FlipperKit/FBCxxFollyDynamicConvert (0.125.0):
    - Flipper-Folly (~> 2.6)
  - FlipperKit/FBDefines (0.125.0)
  - FlipperKit/FKPortForwarding (0.125.0):
    - CocoaAsyncSocket (~> 7.6)
    - Flipper-PeerTalk (~> 0.0.4)
  - FlipperKit/FlipperKitHighlightOverlay (0.125.0)
  - FlipperKit/FlipperKitLayoutHelpers (0.125.0):
    - FlipperKit/Core
    - FlipperKit/FlipperKitHighlightOverlay
    - FlipperKit/FlipperKitLayoutTextSearchable
  - FlipperKit/FlipperKitLayoutIOSDescriptors (0.125.0):
    - FlipperKit/Core
    - FlipperKit/FlipperKitHighlightOverlay
    - FlipperKit/FlipperKitLayoutHelpers
    - YogaKit (~> 1.18)
  - FlipperKit/FlipperKitLayoutPlugin (0.125.0):
    - FlipperKit/Core
    - FlipperKit/FlipperKitHighlightOverlay
    - FlipperKit/FlipperKitLayoutHelpers
    - FlipperKit/FlipperKitLayoutIOSDescriptors
    - FlipperKit/FlipperKitLayoutTextSearchable
    - YogaKit (~> 1.18)
  - FlipperKit/FlipperKitLayoutTextSearchable (0.125.0)
  - FlipperKit/FlipperKitNetworkPlugin (0.125.0):
    - FlipperKit/Core
  - FlipperKit/FlipperKitReactPlugin (0.125.0):
    - FlipperKit/Core
  - FlipperKit/FlipperKitUserDefaultsPlugin (0.125.0):
    - FlipperKit/Core
  - FlipperKit/SKIOSNetworkPlugin (0.125.0):
    - FlipperKit/Core
    - FlipperKit/FlipperKitNetworkPlugin
  - fmt (6.2.1)
  - glog (0.3.5)
  - GoogleAppMeasurement (10.20.0):
    - GoogleAppMeasurement/AdIdSupport (= 10.20.0)
    - GoogleUtilities/AppDelegateSwizzler (~> 7.11)
    - GoogleUtilities/MethodSwizzler (~> 7.11)
    - GoogleUtilities/Network (~> 7.11)
    - "GoogleUtilities/NSData+zlib (~> 7.11)"
    - nanopb (< 2.30910.0, >= 2.30908.0)
  - GoogleAppMeasurement/AdIdSupport (10.20.0):
    - GoogleAppMeasurement/WithoutAdIdSupport (= 10.20.0)
    - GoogleUtilities/AppDelegateSwizzler (~> 7.11)
    - GoogleUtilities/MethodSwizzler (~> 7.11)
    - GoogleUtilities/Network (~> 7.11)
    - "GoogleUtilities/NSData+zlib (~> 7.11)"
    - nanopb (< 2.30910.0, >= 2.30908.0)
  - GoogleAppMeasurement/WithoutAdIdSupport (10.20.0):
    - GoogleUtilities/AppDelegateSwizzler (~> 7.11)
    - GoogleUtilities/MethodSwizzler (~> 7.11)
    - GoogleUtilities/Network (~> 7.11)
    - "GoogleUtilities/NSData+zlib (~> 7.11)"
    - nanopb (< 2.30910.0, >= 2.30908.0)
  - GoogleDataTransport (9.3.0):
    - GoogleUtilities/Environment (~> 7.7)
    - nanopb (< 2.30910.0, >= 2.30908.0)
    - PromisesObjC (< 3.0, >= 1.2)
  - GoogleUtilities (7.12.0):
    - GoogleUtilities/AppDelegateSwizzler (= 7.12.0)
    - GoogleUtilities/Environment (= 7.12.0)
    - GoogleUtilities/ISASwizzler (= 7.12.0)
    - GoogleUtilities/Logger (= 7.12.0)
    - GoogleUtilities/MethodSwizzler (= 7.12.0)
    - GoogleUtilities/Network (= 7.12.0)
    - "GoogleUtilities/NSData+zlib (= 7.12.0)"
    - GoogleUtilities/Reachability (= 7.12.0)
    - GoogleUtilities/SwizzlerTestHelpers (= 7.12.0)
    - GoogleUtilities/UserDefaults (= 7.12.0)
  - GoogleUtilities/AppDelegateSwizzler (7.12.0):
    - GoogleUtilities/Environment
    - GoogleUtilities/Logger
    - GoogleUtilities/Network
  - GoogleUtilities/Environment (7.12.0):
    - PromisesObjC (< 3.0, >= 1.2)
  - GoogleUtilities/ISASwizzler (7.12.0)
  - GoogleUtilities/Logger (7.12.0):
    - GoogleUtilities/Environment
  - GoogleUtilities/MethodSwizzler (7.12.0):
    - GoogleUtilities/Logger
  - GoogleUtilities/Network (7.12.0):
    - GoogleUtilities/Logger
    - "GoogleUtilities/NSData+zlib"
    - GoogleUtilities/Reachability
  - "GoogleUtilities/NSData+zlib (7.12.0)"
  - GoogleUtilities/Reachability (7.12.0):
    - GoogleUtilities/Logger
  - GoogleUtilities/SwizzlerTestHelpers (7.12.0):
    - GoogleUtilities/MethodSwizzler
  - GoogleUtilities/UserDefaults (7.12.0):
    - GoogleUtilities/Logger
  - hermes-engine (0.71.18):
    - hermes-engine/Pre-built (= 0.71.18)
  - hermes-engine/Pre-built (0.71.18)
  - libevent (2.1.12)
  - nanopb (2.30909.1):
    - nanopb/decode (= 2.30909.1)
    - nanopb/encode (= 2.30909.1)
  - nanopb/decode (2.30909.1)
  - nanopb/encode (2.30909.1)
  - OpenSSL-Universal (1.1.1100)
  - PromisesObjC (2.3.1)
  - PromisesSwift (2.3.1):
    - PromisesObjC (= 2.3.1)
  - RCT-Folly (2021.07.22.00):
    - boost
    - DoubleConversion
    - fmt (~> 6.2.1)
    - glog
    - RCT-Folly/Default (= 2021.07.22.00)
  - RCT-Folly/Default (2021.07.22.00):
    - boost
    - DoubleConversion
    - fmt (~> 6.2.1)
    - glog
  - RCT-Folly/Futures (2021.07.22.00):
    - boost
    - DoubleConversion
    - fmt (~> 6.2.1)
    - glog
    - libevent
  - RCTRequired (0.71.18)
  - RCTTypeSafety (0.71.18):
    - FBLazyVector (= 0.71.18)
    - RCTRequired (= 0.71.18)
    - React-Core (= 0.71.18)
  - React (0.71.18):
    - React-Core (= 0.71.18)
    - React-Core/DevSupport (= 0.71.18)
    - React-Core/RCTWebSocket (= 0.71.18)
    - React-RCTActionSheet (= 0.71.18)
    - React-RCTAnimation (= 0.71.18)
    - React-RCTBlob (= 0.71.18)
    - React-RCTImage (= 0.71.18)
    - React-RCTLinking (= 0.71.18)
    - React-RCTNetwork (= 0.71.18)
    - React-RCTSettings (= 0.71.18)
    - React-RCTText (= 0.71.18)
    - React-RCTVibration (= 0.71.18)
  - React-callinvoker (0.71.18)
  - React-Codegen (0.71.18):
    - FBReactNativeSpec
    - hermes-engine
    - RCT-Folly
    - RCTRequired
    - RCTTypeSafety
    - React-Core
    - React-jsi
    - React-jsiexecutor
    - ReactCommon/turbomodule/bridging
    - ReactCommon/turbomodule/core
  - React-Core (0.71.18):
    - glog
    - hermes-engine
    - RCT-Folly (= 2021.07.22.00)
    - React-Core/Default (= 0.71.18)
    - React-cxxreact (= 0.71.18)
    - React-hermes
    - React-jsi (= 0.71.18)
    - React-jsiexecutor (= 0.71.18)
    - React-perflogger (= 0.71.18)
    - Yoga
  - React-Core/CoreModulesHeaders (0.71.18):
    - glog
    - hermes-engine
    - RCT-Folly (= 2021.07.22.00)
    - React-Core/Default
    - React-cxxreact (= 0.71.18)
    - React-hermes
    - React-jsi (= 0.71.18)
    - React-jsiexecutor (= 0.71.18)
    - React-perflogger (= 0.71.18)
    - Yoga
  - React-Core/Default (0.71.18):
    - glog
    - hermes-engine
    - RCT-Folly (= 2021.07.22.00)
    - React-cxxreact (= 0.71.18)
    - React-hermes
    - React-jsi (= 0.71.18)
    - React-jsiexecutor (= 0.71.18)
    - React-perflogger (= 0.71.18)
    - Yoga
  - React-Core/DevSupport (0.71.18):
    - glog
    - hermes-engine
    - RCT-Folly (= 2021.07.22.00)
    - React-Core/Default (= 0.71.18)
    - React-Core/RCTWebSocket (= 0.71.18)
    - React-cxxreact (= 0.71.18)
    - React-hermes
    - React-jsi (= 0.71.18)
    - React-jsiexecutor (= 0.71.18)
    - React-jsinspector (= 0.71.18)
    - React-perflogger (= 0.71.18)
    - Yoga
  - React-Core/RCTActionSheetHeaders (0.71.18):
    - glog
    - hermes-engine
    - RCT-Folly (= 2021.07.22.00)
    - React-Core/Default
    - React-cxxreact (= 0.71.18)
    - React-hermes
    - React-jsi (= 0.71.18)
    - React-jsiexecutor (= 0.71.18)
    - React-perflogger (= 0.71.18)
    - Yoga
  - React-Core/RCTAnimationHeaders (0.71.18):
    - glog
    - hermes-engine
    - RCT-Folly (= 2021.07.22.00)
    - React-Core/Default
    - React-cxxreact (= 0.71.18)
    - React-hermes
    - React-jsi (= 0.71.18)
    - React-jsiexecutor (= 0.71.18)
    - React-perflogger (= 0.71.18)
    - Yoga
  - React-Core/RCTBlobHeaders (0.71.18):
    - glog
    - hermes-engine
    - RCT-Folly (= 2021.07.22.00)
    - React-Core/Default
    - React-cxxreact (= 0.71.18)
    - React-hermes
    - React-jsi (= 0.71.18)
    - React-jsiexecutor (= 0.71.18)
    - React-perflogger (= 0.71.18)
    - Yoga
  - React-Core/RCTImageHeaders (0.71.18):
    - glog
    - hermes-engine
    - RCT-Folly (= 2021.07.22.00)
    - React-Core/Default
    - React-cxxreact (= 0.71.18)
    - React-hermes
    - React-jsi (= 0.71.18)
    - React-jsiexecutor (= 0.71.18)
    - React-perflogger (= 0.71.18)
    - Yoga
  - React-Core/RCTLinkingHeaders (0.71.18):
    - glog
    - hermes-engine
    - RCT-Folly (= 2021.07.22.00)
    - React-Core/Default
    - React-cxxreact (= 0.71.18)
    - React-hermes
    - React-jsi (= 0.71.18)
    - React-jsiexecutor (= 0.71.18)
    - React-perflogger (= 0.71.18)
    - Yoga
  - React-Core/RCTNetworkHeaders (0.71.18):
    - glog
    - hermes-engine
    - RCT-Folly (= 2021.07.22.00)
    - React-Core/Default
    - React-cxxreact (= 0.71.18)
    - React-hermes
    - React-jsi (= 0.71.18)
    - React-jsiexecutor (= 0.71.18)
    - React-perflogger (= 0.71.18)
    - Yoga
  - React-Core/RCTSettingsHeaders (0.71.18):
    - glog
    - hermes-engine
    - RCT-Folly (= 2021.07.22.00)
    - React-Core/Default
    - React-cxxreact (= 0.71.18)
    - React-hermes
    - React-jsi (= 0.71.18)
    - React-jsiexecutor (= 0.71.18)
    - React-perflogger (= 0.71.18)
    - Yoga
  - React-Core/RCTTextHeaders (0.71.18):
    - glog
    - hermes-engine
    - RCT-Folly (= 2021.07.22.00)
    - React-Core/Default
    - React-cxxreact (= 0.71.18)
    - React-hermes
    - React-jsi (= 0.71.18)
    - React-jsiexecutor (= 0.71.18)
    - React-perflogger (= 0.71.18)
    - Yoga
  - React-Core/RCTVibrationHeaders (0.71.18):
    - glog
    - hermes-engine
    - RCT-Folly (= 2021.07.22.00)
    - React-Core/Default
    - React-cxxreact (= 0.71.18)
    - React-hermes
    - React-jsi (= 0.71.18)
    - React-jsiexecutor (= 0.71.18)
    - React-perflogger (= 0.71.18)
    - Yoga
  - React-Core/RCTWebSocket (0.71.18):
    - glog
    - hermes-engine
    - RCT-Folly (= 2021.07.22.00)
    - React-Core/Default (= 0.71.18)
    - React-cxxreact (= 0.71.18)
    - React-hermes
    - React-jsi (= 0.71.18)
    - React-jsiexecutor (= 0.71.18)
    - React-perflogger (= 0.71.18)
    - Yoga
  - React-CoreModules (0.71.18):
    - RCT-Folly (= 2021.07.22.00)
    - RCTTypeSafety (= 0.71.18)
    - React-Codegen (= 0.71.18)
    - React-Core/CoreModulesHeaders (= 0.71.18)
    - React-jsi (= 0.71.18)
    - React-RCTBlob
    - React-RCTImage (= 0.71.18)
    - ReactCommon/turbomodule/core (= 0.71.18)
  - React-cxxreact (0.71.18):
    - boost (= 1.76.0)
    - DoubleConversion
    - glog
    - hermes-engine
    - RCT-Folly (= 2021.07.22.00)
    - React-callinvoker (= 0.71.18)
    - React-jsi (= 0.71.18)
    - React-jsinspector (= 0.71.18)
    - React-logger (= 0.71.18)
    - React-perflogger (= 0.71.18)
    - React-runtimeexecutor (= 0.71.18)
  - React-hermes (0.71.18):
    - DoubleConversion
    - glog
    - hermes-engine
    - RCT-Folly (= 2021.07.22.00)
    - RCT-Folly/Futures (= 2021.07.22.00)
    - React-cxxreact (= 0.71.18)
    - React-jsi
    - React-jsiexecutor (= 0.71.18)
    - React-jsinspector (= 0.71.18)
    - React-perflogger (= 0.71.18)
  - React-jsi (0.71.18):
    - boost (= 1.76.0)
    - DoubleConversion
    - glog
    - hermes-engine
    - RCT-Folly (= 2021.07.22.00)
  - React-jsiexecutor (0.71.18):
    - DoubleConversion
    - glog
    - hermes-engine
    - RCT-Folly (= 2021.07.22.00)
    - React-cxxreact (= 0.71.18)
    - React-jsi (= 0.71.18)
    - React-perflogger (= 0.71.18)
  - React-jsinspector (0.71.18)
  - React-logger (0.71.18):
    - glog
  - react-native-keep-awake (1.2.2):
    - React-Core
  - react-native-restart (0.0.27):
    - React-Core
  - react-native-safe-area-context (4.8.2):
    - React-Core
  - react-native-slider (4.5.0):
    - RCT-Folly (= 2021.07.22.00)
    - React-Core
  - react-native-splash-screen (3.3.0):
    - React-Core
  - react-native-sqlite-storage (6.0.1):
    - React-Core
  - react-native-webview (13.6.4):
    - RCT-Folly (= 2021.07.22.00)
    - React-Core
  - React-perflogger (0.71.18)
  - React-RCTActionSheet (0.71.18):
    - React-Core/RCTActionSheetHeaders (= 0.71.18)
  - React-RCTAnimation (0.71.18):
    - RCT-Folly (= 2021.07.22.00)
    - RCTTypeSafety (= 0.71.18)
    - React-Codegen (= 0.71.18)
    - React-Core/RCTAnimationHeaders (= 0.71.18)
    - React-jsi (= 0.71.18)
    - ReactCommon/turbomodule/core (= 0.71.18)
  - React-RCTAppDelegate (0.71.18):
    - RCT-Folly
    - RCTRequired
    - RCTTypeSafety
    - React-Core
    - ReactCommon/turbomodule/core
  - React-RCTBlob (0.71.18):
    - hermes-engine
    - RCT-Folly (= 2021.07.22.00)
    - React-Codegen (= 0.71.18)
    - React-Core/RCTBlobHeaders (= 0.71.18)
    - React-Core/RCTWebSocket (= 0.71.18)
    - React-jsi (= 0.71.18)
    - React-RCTNetwork (= 0.71.18)
    - ReactCommon/turbomodule/core (= 0.71.18)
  - React-RCTImage (0.71.18):
    - RCT-Folly (= 2021.07.22.00)
    - RCTTypeSafety (= 0.71.18)
    - React-Codegen (= 0.71.18)
    - React-Core/RCTImageHeaders (= 0.71.18)
    - React-jsi (= 0.71.18)
    - React-RCTNetwork (= 0.71.18)
    - ReactCommon/turbomodule/core (= 0.71.18)
  - React-RCTLinking (0.71.18):
    - React-Codegen (= 0.71.18)
    - React-Core/RCTLinkingHeaders (= 0.71.18)
    - React-jsi (= 0.71.18)
    - ReactCommon/turbomodule/core (= 0.71.18)
  - React-RCTNetwork (0.71.18):
    - RCT-Folly (= 2021.07.22.00)
    - RCTTypeSafety (= 0.71.18)
    - React-Codegen (= 0.71.18)
    - React-Core/RCTNetworkHeaders (= 0.71.18)
    - React-jsi (= 0.71.18)
    - ReactCommon/turbomodule/core (= 0.71.18)
  - React-RCTSettings (0.71.18):
    - RCT-Folly (= 2021.07.22.00)
    - RCTTypeSafety (= 0.71.18)
    - React-Codegen (= 0.71.18)
    - React-Core/RCTSettingsHeaders (= 0.71.18)
    - React-jsi (= 0.71.18)
    - ReactCommon/turbomodule/core (= 0.71.18)
  - React-RCTText (0.71.18):
    - React-Core/RCTTextHeaders (= 0.71.18)
  - React-RCTVibration (0.71.18):
    - RCT-Folly (= 2021.07.22.00)
    - React-Codegen (= 0.71.18)
    - React-Core/RCTVibrationHeaders (= 0.71.18)
    - React-jsi (= 0.71.18)
    - ReactCommon/turbomodule/core (= 0.71.18)
  - React-runtimeexecutor (0.71.18):
    - React-jsi (= 0.71.18)
  - ReactCommon/turbomodule/bridging (0.71.18):
    - DoubleConversion
    - glog
    - hermes-engine
    - RCT-Folly (= 2021.07.22.00)
    - React-callinvoker (= 0.71.18)
    - React-Core (= 0.71.18)
    - React-cxxreact (= 0.71.18)
    - React-jsi (= 0.71.18)
    - React-logger (= 0.71.18)
    - React-perflogger (= 0.71.18)
  - ReactCommon/turbomodule/core (0.71.18):
    - DoubleConversion
    - glog
    - hermes-engine
    - RCT-Folly (= 2021.07.22.00)
    - React-callinvoker (= 0.71.18)
    - React-Core (= 0.71.18)
    - React-cxxreact (= 0.71.18)
    - React-jsi (= 0.71.18)
    - React-logger (= 0.71.18)
    - React-perflogger (= 0.71.18)
  - ReactNativeExceptionHandler (2.10.10):
    - React-Core
  - ReactNativeLocalization (2.3.2):
    - React-Core
  - RNCAsyncStorage (1.21.0):
    - React-Core
  - RNDateTimePicker (7.6.2):
    - React-Core
  - RNDeviceInfo (10.12.0):
    - React-Core
  - RNFBAnalytics (18.9.0):
    - Firebase/Analytics (= 10.20.0)
    - React-Core
    - RNFBApp
  - RNFBApp (18.9.0):
    - Firebase/CoreOnly (= 10.20.0)
    - React-Core
  - RNFBCrashlytics (18.9.0):
    - Firebase/Crashlytics (= 10.20.0)
    - FirebaseCoreExtension (= 10.20.0)
    - React-Core
    - RNFBApp
  - RNFBMessaging (18.9.0):
    - Firebase/Messaging (= 10.20.0)
    - FirebaseCoreExtension (= 10.20.0)
    - React-Core
    - RNFBApp
  - RNGestureHandler (2.14.1):
    - RCT-Folly (= 2021.07.22.00)
    - React-Core
  - RNNotifee (7.8.2):
    - React-Core
    - RNNotifee/NotifeeCore (= 7.8.2)
  - RNNotifee/NotifeeCore (7.8.2):
    - React-Core
  - RNReanimated (3.6.2):
    - RCT-Folly (= 2021.07.22.00)
    - React-Core
    - ReactCommon/turbomodule/core
  - RNScreens (3.29.0):
    - RCT-Folly (= 2021.07.22.00)
    - React-Core
  - RNSound (0.11.2):
    - React-Core
    - RNSound/Core (= 0.11.2)
  - RNSound/Core (0.11.2):
    - React-Core
  - RNVectorIcons (9.2.0):
    - React-Core
  - SocketRocket (0.6.1)
  - Yoga (1.14.0)
  - YogaKit (1.18.1):
    - Yoga (~> 1.14)

DEPENDENCIES:
  - boost (from `../node_modules/react-native/third-party-podspecs/boost.podspec`)
  - DoubleConversion (from `../node_modules/react-native/third-party-podspecs/DoubleConversion.podspec`)
  - FBLazyVector (from `../node_modules/react-native/Libraries/FBLazyVector`)
  - FBReactNativeSpec (from `../node_modules/react-native/React/FBReactNativeSpec`)
  - Firebase
  - FirebaseCore
  - FirebaseCoreExtension
  - FirebaseInstallations
  - Flipper (= 0.125.0)
  - Flipper-Boost-iOSX (= 1.76.0.1.11)
  - Flipper-DoubleConversion (= 3.2.0.1)
  - Flipper-Fmt (= 7.1.7)
  - Flipper-Folly (= 2.6.10)
  - Flipper-Glog (= 0.5.0.5)
  - Flipper-PeerTalk (= 0.0.4)
  - Flipper-RSocket (= 1.4.3)
  - FlipperKit (= 0.125.0)
  - FlipperKit/Core (= 0.125.0)
  - FlipperKit/CppBridge (= 0.125.0)
  - FlipperKit/FBCxxFollyDynamicConvert (= 0.125.0)
  - FlipperKit/FBDefines (= 0.125.0)
  - FlipperKit/FKPortForwarding (= 0.125.0)
  - FlipperKit/FlipperKitHighlightOverlay (= 0.125.0)
  - FlipperKit/FlipperKitLayoutPlugin (= 0.125.0)
  - FlipperKit/FlipperKitLayoutTextSearchable (= 0.125.0)
  - FlipperKit/FlipperKitNetworkPlugin (= 0.125.0)
  - FlipperKit/FlipperKitReactPlugin (= 0.125.0)
  - FlipperKit/FlipperKitUserDefaultsPlugin (= 0.125.0)
  - FlipperKit/SKIOSNetworkPlugin (= 0.125.0)
  - glog (from `../node_modules/react-native/third-party-podspecs/glog.podspec`)
  - GoogleDataTransport
  - GoogleUtilities
  - hermes-engine (from `../node_modules/react-native/sdks/hermes-engine/hermes-engine.podspec`)
  - libevent (~> 2.1.12)
  - nanopb
  - OpenSSL-Universal (= 1.1.1100)
  - RCT-Folly (from `../node_modules/react-native/third-party-podspecs/RCT-Folly.podspec`)
  - RCTRequired (from `../node_modules/react-native/Libraries/RCTRequired`)
  - RCTTypeSafety (from `../node_modules/react-native/Libraries/TypeSafety`)
  - React (from `../node_modules/react-native/`)
  - React-callinvoker (from `../node_modules/react-native/ReactCommon/callinvoker`)
  - React-Codegen (from `build/generated/ios`)
  - React-Core (from `../node_modules/react-native/`)
  - React-Core/DevSupport (from `../node_modules/react-native/`)
  - React-Core/RCTWebSocket (from `../node_modules/react-native/`)
  - React-CoreModules (from `../node_modules/react-native/React/CoreModules`)
  - React-cxxreact (from `../node_modules/react-native/ReactCommon/cxxreact`)
  - React-hermes (from `../node_modules/react-native/ReactCommon/hermes`)
  - React-jsi (from `../node_modules/react-native/ReactCommon/jsi`)
  - React-jsiexecutor (from `../node_modules/react-native/ReactCommon/jsiexecutor`)
  - React-jsinspector (from `../node_modules/react-native/ReactCommon/jsinspector`)
  - React-logger (from `../node_modules/react-native/ReactCommon/logger`)
  - "react-native-keep-awake (from `../node_modules/@sayem314/react-native-keep-awake`)"
  - react-native-restart (from `../node_modules/react-native-restart`)
  - react-native-safe-area-context (from `../node_modules/react-native-safe-area-context`)
  - "react-native-slider (from `../node_modules/@react-native-community/slider`)"
  - react-native-splash-screen (from `../node_modules/react-native-splash-screen`)
  - react-native-sqlite-storage (from `../node_modules/react-native-sqlite-storage`)
  - react-native-webview (from `../node_modules/react-native-webview`)
  - React-perflogger (from `../node_modules/react-native/ReactCommon/reactperflogger`)
  - React-RCTActionSheet (from `../node_modules/react-native/Libraries/ActionSheetIOS`)
  - React-RCTAnimation (from `../node_modules/react-native/Libraries/NativeAnimation`)
  - React-RCTAppDelegate (from `../node_modules/react-native/Libraries/AppDelegate`)
  - React-RCTBlob (from `../node_modules/react-native/Libraries/Blob`)
  - React-RCTImage (from `../node_modules/react-native/Libraries/Image`)
  - React-RCTLinking (from `../node_modules/react-native/Libraries/LinkingIOS`)
  - React-RCTNetwork (from `../node_modules/react-native/Libraries/Network`)
  - React-RCTSettings (from `../node_modules/react-native/Libraries/Settings`)
  - React-RCTText (from `../node_modules/react-native/Libraries/Text`)
  - React-RCTVibration (from `../node_modules/react-native/Libraries/Vibration`)
  - React-runtimeexecutor (from `../node_modules/react-native/ReactCommon/runtimeexecutor`)
  - ReactCommon/turbomodule/core (from `../node_modules/react-native/ReactCommon`)
  - ReactNativeExceptionHandler (from `../node_modules/react-native-exception-handler`)
  - ReactNativeLocalization (from `../node_modules/react-native-localization`)
  - "RNCAsyncStorage (from `../node_modules/@react-native-async-storage/async-storage`)"
  - "RNDateTimePicker (from `../node_modules/@react-native-community/datetimepicker`)"
  - RNDeviceInfo (from `../node_modules/react-native-device-info`)
  - "RNFBAnalytics (from `../node_modules/@react-native-firebase/analytics`)"
  - "RNFBApp (from `../node_modules/@react-native-firebase/app`)"
  - "RNFBCrashlytics (from `../node_modules/@react-native-firebase/crashlytics`)"
  - "RNFBMessaging (from `../node_modules/@react-native-firebase/messaging`)"
  - RNGestureHandler (from `../node_modules/react-native-gesture-handler`)
  - "RNNotifee (from `../node_modules/@notifee/react-native`)"
  - RNReanimated (from `../node_modules/react-native-reanimated`)
  - RNScreens (from `../node_modules/react-native-screens`)
  - RNSound (from `../node_modules/react-native-sound`)
  - RNVectorIcons (from `../node_modules/react-native-vector-icons`)
  - Yoga (from `../node_modules/react-native/ReactCommon/yoga`)

SPEC REPOS:
  trunk:
    - CocoaAsyncSocket
    - Firebase
    - FirebaseAnalytics
    - FirebaseCore
    - FirebaseCoreExtension
    - FirebaseCoreInternal
    - FirebaseCrashlytics
    - FirebaseInstallations
    - FirebaseMessaging
    - FirebaseSessions
    - Flipper
    - Flipper-Boost-iOSX
    - Flipper-DoubleConversion
    - Flipper-Fmt
    - Flipper-Folly
    - Flipper-Glog
    - Flipper-PeerTalk
    - Flipper-RSocket
    - FlipperKit
    - fmt
    - GoogleAppMeasurement
    - GoogleDataTransport
    - GoogleUtilities
    - libevent
    - nanopb
    - OpenSSL-Universal
    - PromisesObjC
    - PromisesSwift
    - SocketRocket
    - YogaKit

EXTERNAL SOURCES:
  boost:
    :podspec: "../node_modules/react-native/third-party-podspecs/boost.podspec"
  DoubleConversion:
    :podspec: "../node_modules/react-native/third-party-podspecs/DoubleConversion.podspec"
  FBLazyVector:
    :path: "../node_modules/react-native/Libraries/FBLazyVector"
  FBReactNativeSpec:
    :path: "../node_modules/react-native/React/FBReactNativeSpec"
  glog:
    :podspec: "../node_modules/react-native/third-party-podspecs/glog.podspec"
  hermes-engine:
    :podspec: "../node_modules/react-native/sdks/hermes-engine/hermes-engine.podspec"
  RCT-Folly:
    :podspec: "../node_modules/react-native/third-party-podspecs/RCT-Folly.podspec"
  RCTRequired:
    :path: "../node_modules/react-native/Libraries/RCTRequired"
  RCTTypeSafety:
    :path: "../node_modules/react-native/Libraries/TypeSafety"
  React:
    :path: "../node_modules/react-native/"
  React-callinvoker:
    :path: "../node_modules/react-native/ReactCommon/callinvoker"
  React-Codegen:
    :path: build/generated/ios
  React-Core:
    :path: "../node_modules/react-native/"
  React-CoreModules:
    :path: "../node_modules/react-native/React/CoreModules"
  React-cxxreact:
    :path: "../node_modules/react-native/ReactCommon/cxxreact"
  React-hermes:
    :path: "../node_modules/react-native/ReactCommon/hermes"
  React-jsi:
    :path: "../node_modules/react-native/ReactCommon/jsi"
  React-jsiexecutor:
    :path: "../node_modules/react-native/ReactCommon/jsiexecutor"
  React-jsinspector:
    :path: "../node_modules/react-native/ReactCommon/jsinspector"
  React-logger:
    :path: "../node_modules/react-native/ReactCommon/logger"
  react-native-keep-awake:
    :path: "../node_modules/@sayem314/react-native-keep-awake"
  react-native-restart:
    :path: "../node_modules/react-native-restart"
  react-native-safe-area-context:
    :path: "../node_modules/react-native-safe-area-context"
  react-native-slider:
    :path: "../node_modules/@react-native-community/slider"
  react-native-splash-screen:
    :path: "../node_modules/react-native-splash-screen"
  react-native-sqlite-storage:
    :path: "../node_modules/react-native-sqlite-storage"
  react-native-webview:
    :path: "../node_modules/react-native-webview"
  React-perflogger:
    :path: "../node_modules/react-native/ReactCommon/reactperflogger"
  React-RCTActionSheet:
    :path: "../node_modules/react-native/Libraries/ActionSheetIOS"
  React-RCTAnimation:
    :path: "../node_modules/react-native/Libraries/NativeAnimation"
  React-RCTAppDelegate:
    :path: "../node_modules/react-native/Libraries/AppDelegate"
  React-RCTBlob:
    :path: "../node_modules/react-native/Libraries/Blob"
  React-RCTImage:
    :path: "../node_modules/react-native/Libraries/Image"
  React-RCTLinking:
    :path: "../node_modules/react-native/Libraries/LinkingIOS"
  React-RCTNetwork:
    :path: "../node_modules/react-native/Libraries/Network"
  React-RCTSettings:
    :path: "../node_modules/react-native/Libraries/Settings"
  React-RCTText:
    :path: "../node_modules/react-native/Libraries/Text"
  React-RCTVibration:
    :path: "../node_modules/react-native/Libraries/Vibration"
  React-runtimeexecutor:
    :path: "../node_modules/react-native/ReactCommon/runtimeexecutor"
  ReactCommon:
    :path: "../node_modules/react-native/ReactCommon"
  ReactNativeExceptionHandler:
    :path: "../node_modules/react-native-exception-handler"
  ReactNativeLocalization:
    :path: "../node_modules/react-native-localization"
  RNCAsyncStorage:
    :path: "../node_modules/@react-native-async-storage/async-storage"
  RNDateTimePicker:
    :path: "../node_modules/@react-native-community/datetimepicker"
  RNDeviceInfo:
    :path: "../node_modules/react-native-device-info"
  RNFBAnalytics:
    :path: "../node_modules/@react-native-firebase/analytics"
  RNFBApp:
    :path: "../node_modules/@react-native-firebase/app"
  RNFBCrashlytics:
    :path: "../node_modules/@react-native-firebase/crashlytics"
  RNFBMessaging:
    :path: "../node_modules/@react-native-firebase/messaging"
  RNGestureHandler:
    :path: "../node_modules/react-native-gesture-handler"
  RNNotifee:
    :path: "../node_modules/@notifee/react-native"
  RNReanimated:
    :path: "../node_modules/react-native-reanimated"
  RNScreens:
    :path: "../node_modules/react-native-screens"
  RNSound:
    :path: "../node_modules/react-native-sound"
  RNVectorIcons:
    :path: "../node_modules/react-native-vector-icons"
  Yoga:
    :path: "../node_modules/react-native/ReactCommon/yoga"

SPEC CHECKSUMS:
  boost: 7dcd2de282d72e344012f7d6564d024930a6a440
  CocoaAsyncSocket: 065fd1e645c7abab64f7a6a2007a48038fdc6a99
  DoubleConversion: 5189b271737e1565bdce30deb4a08d647e3f5f54
  FBLazyVector: 5f81939bc6d6bcd3e71bba3744753c2a88991395
  FBReactNativeSpec: 282e783582935f4d4d136c8ec911655575a7a09f
  Firebase: 10c8cb12fb7ad2ae0c09ffc86cd9c1ab392a0031
  FirebaseAnalytics: a2731bf3670747ce8f65368b118d18aa8e368246
  FirebaseCore: 28045c1560a2600d284b9c45a904fe322dc890b6
  FirebaseCoreExtension: 0659f035b88c5a7a15a9763c48c2e6ca8c0a2977
  FirebaseCoreInternal: efeeb171ac02d623bdaefe121539939821e10811
  FirebaseCrashlytics: 81530595edb6d99f1918f723a6c33766a24a4c86
  FirebaseInstallations: 558b1da7d65afeb996fd5c814332f013234ece4e
  FirebaseMessaging: 06c414a21b122396a26847c523d5c370f8325df5
  FirebaseSessions: 2f348975f6d1c139231c180e12194161da2e0cd6
  Flipper: 26fc4b7382499f1281eb8cb921e5c3ad6de91fe0
  Flipper-Boost-iOSX: fd1e2b8cbef7e662a122412d7ac5f5bea715403c
  Flipper-DoubleConversion: 2dc99b02f658daf147069aad9dbd29d8feb06d30
  Flipper-Fmt: 60cbdd92fc254826e61d669a5d87ef7015396a9b
  Flipper-Folly: 584845625005ff068a6ebf41f857f468decd26b3
  Flipper-Glog: 70c50ce58ddaf67dc35180db05f191692570f446
  Flipper-PeerTalk: 116d8f857dc6ef55c7a5a75ea3ceaafe878aadc9
  Flipper-RSocket: d9d9ade67cbecf6ac10730304bf5607266dd2541
  FlipperKit: cbdee19bdd4e7f05472a66ce290f1b729ba3cb86
  fmt: ff9d55029c625d3757ed641535fd4a75fedc7ce9
  glog: 04b94705f318337d7ead9e6d17c019bd9b1f6b1b
  GoogleAppMeasurement: bb3c564c3efb933136af0e94899e0a46167466a8
  GoogleDataTransport: 57c22343ab29bc686febbf7cbb13bad167c2d8fe
  GoogleUtilities: 0759d1a57ebb953965c2dfe0ba4c82e95ccc2e34
  hermes-engine: 251dcc3511fc68678e2ee96dd7d175d9489b781e
  libevent: 4049cae6c81cdb3654a443be001fb9bdceff7913
  nanopb: d4d75c12cd1316f4a64e3c6963f879ecd4b5e0d5
  OpenSSL-Universal: ebc357f1e6bc71fa463ccb2fe676756aff50e88c
  PromisesObjC: c50d2056b5253dadbd6c2bea79b0674bd5a52fa4
  PromisesSwift: 28dca69a9c40779916ac2d6985a0192a5cb4a265
  RCT-Folly: 424b8c9a7a0b9ab2886ffe9c3b041ef628fd4fb1
  RCTRequired: 467cd79889cbcfd008d0ff7c697f73765d4578c3
  RCTTypeSafety: 71c8b219dc633684896452fee38a1e442d167dd6
  React: b807b09e4402c12dcbc44176e50533dca10d01f0
  React-callinvoker: f34a25e5656a6689ceaa419e833e7907b8fefef3
  React-Codegen: c252b1d468b0d2586f7573672a3d637884d0b5be
  React-Core: 4161fa6a64a5ec632e31dd89e7e833f2d5205bb1
  React-CoreModules: a2e0234e69404f0703cb8fe288e7093388943c62
  React-cxxreact: 63102ee4eb505c1b13cc54cf975cd94ba223bc91
  React-hermes: de910b47c7f970987821998b09fda450f0a8aa4e
  React-jsi: c1a489e635aef9afcc2aedfc08abaf53df6b2993
  React-jsiexecutor: a60e1117c011cbb6a95418f4bf67d6dfbbf81772
  React-jsinspector: 7218c92923292e20326a1eed3104fe90393ca449
  React-logger: 166cf6649b5ea9e26ab816073dd0e68020561d65
  react-native-keep-awake: ad1d67f617756b139536977a0bf06b27cec0714a
  react-native-restart: 7595693413fe3ca15893702f2c8306c62a708162
  react-native-safe-area-context: 0ee144a6170530ccc37a0fd9388e28d06f516a89
  react-native-slider: cc89964e1432fa31aa9db7a0fa9b21e26b5d5152
  react-native-splash-screen: 4312f786b13a81b5169ef346d76d33bc0c6dc457
  react-native-sqlite-storage: f6d515e1c446d1e6d026aa5352908a25d4de3261
  react-native-webview: 107961c73db53d66549c867a3b64eaa20d34c41f
  React-perflogger: c8849042b03392681ebd5d99a0775dbadfad2c74
  React-RCTActionSheet: 6bd3b502da266d69942e9ce4bc13666f90544620
  React-RCTAnimation: 63fbec04ae279b387ac786898bd5a918b8875f48
  React-RCTAppDelegate: 4cdf489597db359817035fb9d0df423ac0b28e07
  React-RCTBlob: 53d7ffeac3273365347ea7ee437e0413f9528870
  React-RCTImage: 63abc85bc7892202ac06e2f66e4a2aa1c872fadc
  React-RCTLinking: ddaeb10a11319fa73b31d0e9faebb1efd15923d6
  React-RCTNetwork: 4d37a8ece3e592bc38ffe57b434b38af907a2a07
  React-RCTSettings: e211b56f3c9c636844ced4d3f8c76b0e03bc773d
  React-RCTText: 502699e3064c8970ea52ad081d8ab8583d019dcb
  React-RCTVibration: e14a0c49feb892af58079cdce3c0e00845a9752b
  React-runtimeexecutor: 42879042777099d3a2a7985b240f1da24300a773
  ReactCommon: 6b451ad57a7859920ee0ec84163d3c42d933abd6
  ReactNativeExceptionHandler: b11ff67c78802b2f62eed0e10e75cb1ef7947c60
  ReactNativeLocalization: fb171138cdc80d5d0d4f20243d2fc82c2b3cc48f
  RNCAsyncStorage: 618d03a5f52fbccb3d7010076bc54712844c18ef
  RNDateTimePicker: fc2e4f2795877d45e84d85659bebe627eba5c931
  RNDeviceInfo: db5c64a060e66e5db3102d041ebe3ef307a85120
  RNFBAnalytics: c79cf8da7d0bbbad0e0cc233402d2cadc4a694b9
  RNFBApp: a3e139715386fe79a09c387f2dbeb6890eb05b39
  RNFBCrashlytics: e6d595ed2619e5e8ee3cdfd12c6a62e470280a03
  RNFBMessaging: a65862d8eba03cb6c838241bd328166504996894
  RNGestureHandler: fe2be3be5598dc74329b211c58c9f2d231461769
  RNNotifee: 8e2d3df3f0e9ce8f5d1fe4c967431138190b6175
  RNReanimated: 738543ef6ec0024ea0bc9f4ab3ac99af6f068448
  RNScreens: 3c5b9f4a9dcde752466854b6109b79c0e205dad3
  RNSound: 6c156f925295bdc83e8e422e7d8b38d33bc71852
  RNVectorIcons: fcc2f6cb32f5735b586e66d14103a74ce6ad61f8
  SocketRocket: f32cd54efbe0f095c4d7594881e52619cfe80b17
  Yoga: e407d2e8cc6cf5170a1dddf459f9fc612f85fcac
  YogaKit: f782866e155069a2cca2517aafea43200b01fd5a

PODFILE CHECKSUM: 741bf9782273a3e445d34a51a7b1fe25e88bef2c

COCOAPODS: 1.15.2
