PODS:
  - boost-for-react-native (1.63.0)
  - Crashlytics (3.14.0):
    - Fabric (~> 1.10.2)
  - DoubleConversion (1.1.6)
  - Fabric (1.10.2)
  - Firebase/Core (6.22.0):
    - Firebase/CoreOnly
    - FirebaseAnalytics (= 6.4.1)
  - Firebase/CoreOnly (6.22.0):
    - FirebaseCore (= 6.6.6)
  - Firebase/Messaging (6.22.0):
    - Firebase/CoreOnly
    - FirebaseMessaging (~> 4.3.0)
  - FirebaseAnalytics (6.4.1):
    - FirebaseCore (~> 6.6)
    - FirebaseInstallations (~> 1.1)
    - GoogleAppMeasurement (= 6.4.1)
    - GoogleUtilities/AppDelegateSwizzler (~> 6.0)
    - GoogleUtilities/MethodSwizzler (~> 6.0)
    - GoogleUtilities/Network (~> 6.0)
    - "GoogleUtilities/NSData+zlib (~> 6.0)"
    - nanopb (= 0.3.9011)
  - FirebaseAnalyticsInterop (1.5.0)
  - FirebaseCore (6.6.6):
    - FirebaseCoreDiagnostics (~> 1.2)
    - FirebaseCoreDiagnosticsInterop (~> 1.2)
    - GoogleUtilities/Environment (~> 6.5)
    - GoogleUtilities/Logger (~> 6.5)
  - FirebaseCoreDiagnostics (1.2.3):
    - FirebaseCoreDiagnosticsInterop (~> 1.2)
    - GoogleDataTransportCCTSupport (~> 2.0)
    - GoogleUtilities/Environment (~> 6.5)
    - GoogleUtilities/Logger (~> 6.5)
    - nanopb (~> 0.3.901)
  - FirebaseCoreDiagnosticsInterop (1.2.0)
  - FirebaseInstallations (1.1.1):
    - FirebaseCore (~> 6.6)
    - GoogleUtilities/UserDefaults (~> 6.5)
    - PromisesObjC (~> 1.2)
  - FirebaseInstanceID (4.3.3):
    - FirebaseCore (~> 6.6)
    - FirebaseInstallations (~> 1.0)
    - GoogleUtilities/Environment (~> 6.5)
    - GoogleUtilities/UserDefaults (~> 6.5)
  - FirebaseMessaging (4.3.0):
    - FirebaseAnalyticsInterop (~> 1.5)
    - FirebaseCore (~> 6.6)
    - FirebaseInstanceID (~> 4.3)
    - GoogleUtilities/AppDelegateSwizzler (~> 6.5)
    - GoogleUtilities/Environment (~> 6.5)
    - GoogleUtilities/Reachability (~> 6.5)
    - GoogleUtilities/UserDefaults (~> 6.5)
    - Protobuf (>= 3.9.2, ~> 3.9)
  - Folly (2018.10.22.00):
    - boost-for-react-native
    - DoubleConversion
    - Folly/Default (= 2018.10.22.00)
    - glog
  - Folly/Default (2018.10.22.00):
    - boost-for-react-native
    - DoubleConversion
    - glog
  - glog (0.3.5)
  - GoogleAppMeasurement (6.4.1):
    - GoogleUtilities/AppDelegateSwizzler (~> 6.0)
    - GoogleUtilities/MethodSwizzler (~> 6.0)
    - GoogleUtilities/Network (~> 6.0)
    - "GoogleUtilities/NSData+zlib (~> 6.0)"
    - nanopb (= 0.3.9011)
  - GoogleDataTransport (5.1.1)
  - GoogleDataTransportCCTSupport (2.0.3):
    - GoogleDataTransport (~> 5.1)
    - nanopb (~> 0.3.901)
  - GoogleUtilities/AppDelegateSwizzler (6.5.2):
    - GoogleUtilities/Environment
    - GoogleUtilities/Logger
    - GoogleUtilities/Network
  - GoogleUtilities/Environment (6.5.2)
  - GoogleUtilities/Logger (6.5.2):
    - GoogleUtilities/Environment
  - GoogleUtilities/MethodSwizzler (6.5.2):
    - GoogleUtilities/Logger
  - GoogleUtilities/Network (6.5.2):
    - GoogleUtilities/Logger
    - "GoogleUtilities/NSData+zlib"
    - GoogleUtilities/Reachability
  - "GoogleUtilities/NSData+zlib (6.5.2)"
  - GoogleUtilities/Reachability (6.5.2):
    - GoogleUtilities/Logger
  - GoogleUtilities/UserDefaults (6.5.2):
    - GoogleUtilities/Logger
  - nanopb (0.3.9011):
    - nanopb/decode (= 0.3.9011)
    - nanopb/encode (= 0.3.9011)
  - nanopb/decode (0.3.9011)
  - nanopb/encode (0.3.9011)
  - PromisesObjC (1.2.8)
  - Protobuf (3.11.4)
  - React (0.60.4):
    - React-Core (= 0.60.4)
    - React-DevSupport (= 0.60.4)
    - React-RCTActionSheet (= 0.60.4)
    - React-RCTAnimation (= 0.60.4)
    - React-RCTBlob (= 0.60.4)
    - React-RCTImage (= 0.60.4)
    - React-RCTLinking (= 0.60.4)
    - React-RCTNetwork (= 0.60.4)
    - React-RCTSettings (= 0.60.4)
    - React-RCTText (= 0.60.4)
    - React-RCTVibration (= 0.60.4)
    - React-RCTWebSocket (= 0.60.4)
  - React-Core (0.60.4):
    - Folly (= 2018.10.22.00)
    - React-cxxreact (= 0.60.4)
    - React-jsiexecutor (= 0.60.4)
    - yoga (= 0.60.4.React)
  - React-cxxreact (0.60.4):
    - boost-for-react-native (= 1.63.0)
    - DoubleConversion
    - Folly (= 2018.10.22.00)
    - glog
    - React-jsinspector (= 0.60.4)
  - React-DevSupport (0.60.4):
    - React-Core (= 0.60.4)
    - React-RCTWebSocket (= 0.60.4)
  - React-fishhook (0.60.4)
  - React-jsi (0.60.4):
    - boost-for-react-native (= 1.63.0)
    - DoubleConversion
    - Folly (= 2018.10.22.00)
    - glog
    - React-jsi/Default (= 0.60.4)
  - React-jsi/Default (0.60.4):
    - boost-for-react-native (= 1.63.0)
    - DoubleConversion
    - Folly (= 2018.10.22.00)
    - glog
  - React-jsiexecutor (0.60.4):
    - DoubleConversion
    - Folly (= 2018.10.22.00)
    - glog
    - React-cxxreact (= 0.60.4)
    - React-jsi (= 0.60.4)
  - React-jsinspector (0.60.4)
  - react-native-keep-awake (4.0.0):
    - React
  - react-native-spinkit (1.4.1):
    - React
  - react-native-splash-screen (3.2.0):
    - React
  - react-native-sqlite-storage (3.3.11):
    - React
  - react-native-version-number (0.3.6):
    - React
  - react-native-webview (9.2.1):
    - React
  - React-RCTActionSheet (0.60.4):
    - React-Core (= 0.60.4)
  - React-RCTAnimation (0.60.4):
    - React-Core (= 0.60.4)
  - React-RCTBlob (0.60.4):
    - React-Core (= 0.60.4)
    - React-RCTNetwork (= 0.60.4)
    - React-RCTWebSocket (= 0.60.4)
  - React-RCTImage (0.60.4):
    - React-Core (= 0.60.4)
    - React-RCTNetwork (= 0.60.4)
  - React-RCTLinking (0.60.4):
    - React-Core (= 0.60.4)
  - React-RCTNetwork (0.60.4):
    - React-Core (= 0.60.4)
  - React-RCTSettings (0.60.4):
    - React-Core (= 0.60.4)
  - React-RCTText (0.60.4):
    - React-Core (= 0.60.4)
  - React-RCTVibration (0.60.4):
    - React-Core (= 0.60.4)
  - React-RCTWebSocket (0.60.4):
    - React-Core (= 0.60.4)
    - React-fishhook (= 0.60.4)
  - ReactNativeLocalization (2.1.6):
    - React
  - RNFirebase (5.6.0):
    - Firebase/Core
    - React
    - RNFirebase/Crashlytics (= 5.6.0)
  - RNFirebase/Crashlytics (5.6.0):
    - Crashlytics
    - Fabric
    - Firebase/Core
    - React
  - RNGestureHandler (1.6.1):
    - React
  - RNScreens (2.5.0):
    - React
  - RNSound (0.11.0):
    - React
    - RNSound/Core (= 0.11.0)
  - RNSound/Core (0.11.0):
    - React
  - RNVectorIcons (6.6.0):
    - React
  - yoga (0.60.4.React)

DEPENDENCIES:
  - DoubleConversion (from `../node_modules/react-native/third-party-podspecs/DoubleConversion.podspec`)
  - Firebase/Messaging
  - Folly (from `../node_modules/react-native/third-party-podspecs/Folly.podspec`)
  - glog (from `../node_modules/react-native/third-party-podspecs/glog.podspec`)
  - React (from `../node_modules/react-native/`)
  - React-Core (from `../node_modules/react-native/React`)
  - React-cxxreact (from `../node_modules/react-native/ReactCommon/cxxreact`)
  - React-DevSupport (from `../node_modules/react-native/React`)
  - React-fishhook (from `../node_modules/react-native/Libraries/fishhook`)
  - React-jsi (from `../node_modules/react-native/ReactCommon/jsi`)
  - React-jsiexecutor (from `../node_modules/react-native/ReactCommon/jsiexecutor`)
  - React-jsinspector (from `../node_modules/react-native/ReactCommon/jsinspector`)
  - react-native-keep-awake (from `../node_modules/react-native-keep-awake`)
  - react-native-spinkit (from `../node_modules/react-native-spinkit`)
  - react-native-splash-screen (from `../node_modules/react-native-splash-screen`)
  - react-native-sqlite-storage (from `../node_modules/react-native-sqlite-storage`)
  - react-native-version-number (from `../node_modules/react-native-version-number`)
  - react-native-webview (from `../node_modules/react-native-webview`)
  - React-RCTActionSheet (from `../node_modules/react-native/Libraries/ActionSheetIOS`)
  - React-RCTAnimation (from `../node_modules/react-native/Libraries/NativeAnimation`)
  - React-RCTBlob (from `../node_modules/react-native/Libraries/Blob`)
  - React-RCTImage (from `../node_modules/react-native/Libraries/Image`)
  - React-RCTLinking (from `../node_modules/react-native/Libraries/LinkingIOS`)
  - React-RCTNetwork (from `../node_modules/react-native/Libraries/Network`)
  - React-RCTSettings (from `../node_modules/react-native/Libraries/Settings`)
  - React-RCTText (from `../node_modules/react-native/Libraries/Text`)
  - React-RCTVibration (from `../node_modules/react-native/Libraries/Vibration`)
  - React-RCTWebSocket (from `../node_modules/react-native/Libraries/WebSocket`)
  - ReactNativeLocalization (from `../node_modules/react-native-localization`)
  - RNFirebase (from `../node_modules/react-native-firebase/ios`)
  - RNGestureHandler (from `../node_modules/react-native-gesture-handler`)
  - RNScreens (from `../node_modules/react-native-screens`)
  - RNSound (from `../node_modules/react-native-sound`)
  - RNVectorIcons (from `../node_modules/react-native-vector-icons`)
  - yoga (from `../node_modules/react-native/ReactCommon/yoga`)

SPEC REPOS:
  trunk:
    - boost-for-react-native
    - Crashlytics
    - Fabric
    - Firebase
    - FirebaseAnalytics
    - FirebaseAnalyticsInterop
    - FirebaseCore
    - FirebaseCoreDiagnostics
    - FirebaseCoreDiagnosticsInterop
    - FirebaseInstallations
    - FirebaseInstanceID
    - FirebaseMessaging
    - GoogleAppMeasurement
    - GoogleDataTransport
    - GoogleDataTransportCCTSupport
    - GoogleUtilities
    - nanopb
    - PromisesObjC
    - Protobuf

EXTERNAL SOURCES:
  DoubleConversion:
    :podspec: "../node_modules/react-native/third-party-podspecs/DoubleConversion.podspec"
  Folly:
    :podspec: "../node_modules/react-native/third-party-podspecs/Folly.podspec"
  glog:
    :podspec: "../node_modules/react-native/third-party-podspecs/glog.podspec"
  React:
    :path: "../node_modules/react-native/"
  React-Core:
    :path: "../node_modules/react-native/React"
  React-cxxreact:
    :path: "../node_modules/react-native/ReactCommon/cxxreact"
  React-DevSupport:
    :path: "../node_modules/react-native/React"
  React-fishhook:
    :path: "../node_modules/react-native/Libraries/fishhook"
  React-jsi:
    :path: "../node_modules/react-native/ReactCommon/jsi"
  React-jsiexecutor:
    :path: "../node_modules/react-native/ReactCommon/jsiexecutor"
  React-jsinspector:
    :path: "../node_modules/react-native/ReactCommon/jsinspector"
  react-native-keep-awake:
    :path: "../node_modules/react-native-keep-awake"
  react-native-spinkit:
    :path: "../node_modules/react-native-spinkit"
  react-native-splash-screen:
    :path: "../node_modules/react-native-splash-screen"
  react-native-sqlite-storage:
    :path: "../node_modules/react-native-sqlite-storage"
  react-native-version-number:
    :path: "../node_modules/react-native-version-number"
  react-native-webview:
    :path: "../node_modules/react-native-webview"
  React-RCTActionSheet:
    :path: "../node_modules/react-native/Libraries/ActionSheetIOS"
  React-RCTAnimation:
    :path: "../node_modules/react-native/Libraries/NativeAnimation"
  React-RCTBlob:
    :path: "../node_modules/react-native/Libraries/Blob"
  React-RCTImage:
    :path: "../node_modules/react-native/Libraries/Image"
  React-RCTLinking:
    :path: "../node_modules/react-native/Libraries/LinkingIOS"
  React-RCTNetwork:
    :path: "../node_modules/react-native/Libraries/Network"
  React-RCTSettings:
    :path: "../node_modules/react-native/Libraries/Settings"
  React-RCTText:
    :path: "../node_modules/react-native/Libraries/Text"
  React-RCTVibration:
    :path: "../node_modules/react-native/Libraries/Vibration"
  React-RCTWebSocket:
    :path: "../node_modules/react-native/Libraries/WebSocket"
  ReactNativeLocalization:
    :path: "../node_modules/react-native-localization"
  RNFirebase:
    :path: "../node_modules/react-native-firebase/ios"
  RNGestureHandler:
    :path: "../node_modules/react-native-gesture-handler"
  RNScreens:
    :path: "../node_modules/react-native-screens"
  RNSound:
    :path: "../node_modules/react-native-sound"
  RNVectorIcons:
    :path: "../node_modules/react-native-vector-icons"
  yoga:
    :path: "../node_modules/react-native/ReactCommon/yoga"

SPEC CHECKSUMS:
  boost-for-react-native: 39c7adb57c4e60d6c5479dd8623128eb5b3f0f2c
  Crashlytics: 540b7e5f5da5a042647227a5e3ac51d85eed06df
  DoubleConversion: 5805e889d232975c086db112ece9ed034df7a0b2
  Fabric: 706c8b8098fff96c33c0db69cbf81f9c551d0d74
  Firebase: 32f9520684e87c7af3f0704f7f88042626d6b536
  FirebaseAnalytics: 83f822fd0d33a46f49f89b8c3ab16ab4d89df08a
  FirebaseAnalyticsInterop: 3f86269c38ae41f47afeb43ebf32a001f58fcdae
  FirebaseCore: 9aca0f1fffb405176ba15311a5621fcde4106fcf
  FirebaseCoreDiagnostics: 13a6564cd6d5375066bbc8940cc1753af24497f3
  FirebaseCoreDiagnosticsInterop: 296e2c5f5314500a850ad0b83e9e7c10b011a850
  FirebaseInstallations: acb3216eb9784d3b1d2d2d635ff74fa892cc0c44
  FirebaseInstanceID: 4b87a9a75ef628a53bb5de46e4d4cecfcce88c02
  FirebaseMessaging: 4ec33842d36b3319e062e51fb8b35a74f726950d
  Folly: 30e7936e1c45c08d884aa59369ed951a8e68cf51
  glog: 1f3da668190260b06b429bb211bfbee5cd790c28
  GoogleAppMeasurement: e49be3954045b17d046f271b9cc1ec052bad9702
  GoogleDataTransport: 6ffa4dd0b6d547f8d27b91bd92fa9e197a3f5f1f
  GoogleDataTransportCCTSupport: 2d7e609f8c5af1a33d7d59053e6f8cba59365df5
  GoogleUtilities: ad0f3b691c67909d03a3327cc205222ab8f42e0e
  nanopb: 18003b5e52dab79db540fe93fe9579f399bd1ccd
  PromisesObjC: c119f3cd559f50b7ae681fa59dc1acd19173b7e6
  Protobuf: 176220c526ad8bd09ab1fb40a978eac3fef665f7
  React: ff7ee2ae5ee1c1d9ae2183b4111045b25294bb01
  React-Core: 8e0ea421cae5609d2562850f98421b15030476fa
  React-cxxreact: 326880209990151a7182a813311054e9772ba510
  React-DevSupport: e9f10e6721e78e87622fc985db695c0c0168db8a
  React-fishhook: 1f0e5b08449403fa75c3fb3881a0beefbada14af
  React-jsi: 21d3153b1153fbf6510a92b6b11e33e725cb7432
  React-jsiexecutor: 7549641e48bafae7bfee3f3ea19bf4901639c5de
  React-jsinspector: 73f24a02fa684ed6a2b828ba116874a2191ded88
  react-native-keep-awake: eba3137546b10003361b37c761f6c429b59814ae
  react-native-spinkit: da294fd828216ad211fe36a5c14c1e09f09e62db
  react-native-splash-screen: 200d11d188e2e78cea3ad319964f6142b6384865
  react-native-sqlite-storage: 3cfa904d9750f7e846c9a14c47951583ee99dbf4
  react-native-version-number: 15563dc4145a94aabfc1faab2a9af10174a4204e
  react-native-webview: ac2927a8a5e48fabb738b393b289bd996e14ed32
  React-RCTActionSheet: 9f71d7ae3e8fb10e08d162cbf14c621349dbfab3
  React-RCTAnimation: 981d8c95b0e30918a9832ccac32af83562a27fae
  React-RCTBlob: 21e73d1020a302a75fed30dbaee9f15287b80baa
  React-RCTImage: c0bc6ac0926517b6fb7e4c279b04843113e99d1d
  React-RCTLinking: 1af3f3c59114bed3deec0107c62e7efad0932ee5
  React-RCTNetwork: 35df9de46e19cda5c56380be1a7759b9b8cb2fcd
  React-RCTSettings: f580504c2cd1f44e25add10fb9ed3954f67f8ac5
  React-RCTText: e0f224898b13af9aa036ea7cb3d438daa68c1044
  React-RCTVibration: 0bea40cd51bd089bd591a8f74c86e91fdf2666c5
  React-RCTWebSocket: 163873f4cdd5f1058a9483443404fc3801581cb6
  ReactNativeLocalization: 9abfb1717d6c6f2e3a4e444c4402d52acbf784cc
  RNFirebase: 37daa9a346d070f9f6ee1f3b4aaf4c8e3b1d5d1c
  RNGestureHandler: 8f09cd560f8d533eb36da5a6c5a843af9f056b38
  RNScreens: ac02d0e4529f08ced69f5580d416f968a6ec3a1d
  RNSound: c980916b596cc15c8dcd2f6ecd3b13c4881dbe20
  RNVectorIcons: 0bb4def82230be1333ddaeee9fcba45f0b288ed4
  yoga: c2c050f6ae6e222534760cc82f559b89214b67e2

PODFILE CHECKSUM: f652b905c56bdbf4d589ea423629ba6611150497

COCOAPODS: 1.8.3
